
Microsoft Visual Studio Solution File, Format Version 12.00
# Visual Studio Version 17
VisualStudioVersion = 17.11.35222.181
MinimumVisualStudioVersion = 10.0.40219.1
Project("{9A19103F-16F7-4668-BE54-9A1E7A4F7556}") = "ЗдоровьеВфокусе", "ЗдоровьеВфокусе\ЗдоровьеВфокусе.csproj", "{D94F1460-1336-4DDA-8942-05FC1A0163E6}"
EndProject
Project("{9A19103F-16F7-4668-BE54-9A1E7A4F7556}") = "ЗдоровьеВфокусе.Desktop", "ЗдоровьеВфокусе.Desktop\ЗдоровьеВфокусе.Desktop.csproj", "{6F34E1CD-0B86-4ABF-8E41-5561C29EEE6A}"
EndProject
Global
	GlobalSection(SolutionConfigurationPlatforms) = preSolution
		Debug|Any CPU = Debug|Any CPU
		Release|Any CPU = Release|Any CPU
	EndGlobalSection
	GlobalSection(ProjectConfigurationPlatforms) = postSolution
		{D94F1460-1336-4DDA-8942-05FC1A0163E6}.Debug|Any CPU.ActiveCfg = Debug|Any CPU
		{D94F1460-1336-4DDA-8942-05FC1A0163E6}.Debug|Any CPU.Build.0 = Debug|Any CPU
		{D94F1460-1336-4DDA-8942-05FC1A0163E6}.Release|Any CPU.ActiveCfg = Release|Any CPU
		{D94F1460-1336-4DDA-8942-05FC1A0163E6}.Release|Any CPU.Build.0 = Release|Any CPU
		{6F34E1CD-0B86-4ABF-8E41-5561C29EEE6A}.Debug|Any CPU.ActiveCfg = Debug|Any CPU
		{6F34E1CD-0B86-4ABF-8E41-5561C29EEE6A}.Debug|Any CPU.Build.0 = Debug|Any CPU
		{6F34E1CD-0B86-4ABF-8E41-5561C29EEE6A}.Release|Any CPU.ActiveCfg = Release|Any CPU
		{6F34E1CD-0B86-4ABF-8E41-5561C29EEE6A}.Release|Any CPU.Build.0 = Release|Any CPU
	EndGlobalSection
	GlobalSection(SolutionProperties) = preSolution
		HideSolutionNode = FALSE
	EndGlobalSection
	GlobalSection(ExtensibilityGlobals) = postSolution
		SolutionGuid = {02D62FC7-78FB-4878-A74F-3B660C52BFA8}
	EndGlobalSection
EndGlobal
